// !$*UTF8*$!
{
	archiveVersion = 1;
	classes = {
	};
	objectVersion = 56;
	objects = {

/* Begin PBXBuildFile section */
		31A490FF2B87CA47005C5458 /* AppDelegate.swift in Sources */ = {isa = PBXBuildFile; fileRef = 31A490FE2B87CA47005C5458 /* AppDelegate.swift */; };
		31A491012B87CA47005C5458 /* SceneDelegate.swift in Sources */ = {isa = PBXBuildFile; fileRef = 31A491002B87CA47005C5458 /* SceneDelegate.swift */; };
		31A491032B87CA47005C5458 /* ViewController.swift in Sources */ = {isa = PBXBuildFile; fileRef = 31A491022B87CA47005C5458 /* ViewController.swift */; };
		31A491062B87CA47005C5458 /* Main.storyboard in Resources */ = {isa = PBXBuildFile; fileRef = 31A491042B87CA47005C5458 /* Main.storyboard */; };
		31A491082B87CA49005C5458 /* Assets.xcassets in Resources */ = {isa = PBXBuildFile; fileRef = 31A491072B87CA49005C5458 /* Assets.xcassets */; };
		31A4910B2B87CA49005C5458 /* LaunchScreen.storyboard in Resources */ = {isa = PBXBuildFile; fileRef = 31A491092B87CA49005C5458 /* LaunchScreen.storyboard */; };
		31A491162B87CA49005C5458 /* WordleTests.swift in Sources */ = {isa = PBXBuildFile; fileRef = 31A491152B87CA49005C5458 /* WordleTests.swift */; };
		31A491202B87CA49005C5458 /* WordleUITests.swift in Sources */ = {isa = PBXBuildFile; fileRef = 31A4911F2B87CA49005C5458 /* WordleUITests.swift */; };
		31A491222B87CA49005C5458 /* WordleUITestsLaunchTests.swift in Sources */ = {isa = PBXBuildFile; fileRef = 31A491212B87CA49005C5458 /* WordleUITestsLaunchTests.swift */; };
		31A491312B87CB24005C5458 /* KeyboardViewController.swift in Sources */ = {isa = PBXBuildFile; fileRef = 31A491302B87CB24005C5458 /* KeyboardViewController.swift */; };
		31A491332B87CB31005C5458 /* BoardViewController.swift in Sources */ = {isa = PBXBuildFile; fileRef = 31A491322B87CB31005C5458 /* BoardViewController.swift */; };
		31DC3EB02B97DBE900A460A8 /* KeyCell.swift in Sources */ = {isa = PBXBuildFile; fileRef = 31DC3EAF2B97DBE900A460A8 /* KeyCell.swift */; };
/* End PBXBuildFile section */

/* Begin PBXContainerItemProxy section */
		31A491122B87CA49005C5458 /* PBXContainerItemProxy */ = {
			isa = PBXContainerItemProxy;
			containerPortal = 31A490F32B87CA47005C5458 /* Project object */;
			proxyType = 1;
			remoteGlobalIDString = 31A490FA2B87CA47005C5458;
			remoteInfo = Wordle;
		};
		31A4911C2B87CA49005C5458 /* PBXContainerItemProxy */ = {
			isa = PBXContainerItemProxy;
			containerPortal = 31A490F32B87CA47005C5458 /* Project object */;
			proxyType = 1;
			remoteGlobalIDString = 31A490FA2B87CA47005C5458;
			remoteInfo = Wordle;
		};
/* End PBXContainerItemProxy section */

/* Begin PBXFileReference section */
		31A490FB2B87CA47005C5458 /* Wordle.app */ = {isa = PBXFileReference; explicitFileType = wrapper.application; includeInIndex = 0; path = Wordle.app; sourceTree = BUILT_PRODUCTS_DIR; };
		31A490FE2B87CA47005C5458 /* AppDelegate.swift */ = {isa = PBXFileReference; lastKnownFileType = sourcecode.swift; path = AppDelegate.swift; sourceTree = "<group>"; };
		31A491002B87CA47005C5458 /* SceneDelegate.swift */ = {isa = PBXFileReference; lastKnownFileType = sourcecode.swift; path = SceneDelegate.swift; sourceTree = "<group>"; };
		31A491022B87CA47005C5458 /* ViewController.swift */ = {isa = PBXFileReference; lastKnownFileType = sourcecode.swift; path = ViewController.swift; sourceTree = "<group>"; };
		31A491052B87CA47005C5458 /* Base */ = {isa = PBXFileReference; lastKnownFileType = file.storyboard; name = Base; path = Base.lproj/Main.storyboard; sourceTree = "<group>"; };
		31A491072B87CA49005C5458 /* Assets.xcassets */ = {isa = PBXFileReference; lastKnownFileType = folder.assetcatalog; path = Assets.xcassets; sourceTree = "<group>"; };
		31A4910A2B87CA49005C5458 /* Base */ = {isa = PBXFileReference; lastKnownFileType = file.storyboard; name = Base; path = Base.lproj/LaunchScreen.storyboard; sourceTree = "<group>"; };
		31A4910C2B87CA49005C5458 /* Info.plist */ = {isa = PBXFileReference; lastKnownFileType = text.plist.xml; path = Info.plist; sourceTree = "<group>"; };
		31A491112B87CA49005C5458 /* WordleTests.xctest */ = {isa = PBXFileReference; explicitFileType = wrapper.cfbundle; includeInIndex = 0; path = WordleTests.xctest; sourceTree = BUILT_PRODUCTS_DIR; };
		31A491152B87CA49005C5458 /* WordleTests.swift */ = {isa = PBXFileReference; lastKnownFileType = sourcecode.swift; path = WordleTests.swift; sourceTree = "<group>"; };
		31A4911B2B87CA49005C5458 /* WordleUITests.xctest */ = {isa = PBXFileReference; explicitFileType = wrapper.cfbundle; includeInIndex = 0; path = WordleUITests.xctest; sourceTree = BUILT_PRODUCTS_DIR; };
		31A4911F2B87CA49005C5458 /* WordleUITests.swift */ = {isa = PBXFileReference; lastKnownFileType = sourcecode.swift; path = WordleUITests.swift; sourceTree = "<group>"; };
		31A491212B87CA49005C5458 /* WordleUITestsLaunchTests.swift */ = {isa = PBXFileReference; lastKnownFileType = sourcecode.swift; path = WordleUITestsLaunchTests.swift; sourceTree = "<group>"; };
		31A491302B87CB24005C5458 /* KeyboardViewController.swift */ = {isa = PBXFileReference; lastKnownFileType = sourcecode.swift; path = KeyboardViewController.swift; sourceTree = "<group>"; };
		31A491322B87CB31005C5458 /* BoardViewController.swift */ = {isa = PBXFileReference; lastKnownFileType = sourcecode.swift; path = BoardViewController.swift; sourceTree = "<group>"; };
		31DC3EAF2B97DBE900A460A8 /* KeyCell.swift */ = {isa = PBXFileReference; lastKnownFileType = sourcecode.swift; path = KeyCell.swift; sourceTree = "<group>"; };
/* End PBXFileReference section */

/* Begin PBXFrameworksBuildPhase section */
		31A490F82B87CA47005C5458 /* Frameworks */ = {
			isa = PBXFrameworksBuildPhase;
			buildActionMask = 2147483647;
			files = (
			);
			runOnlyForDeploymentPostprocessing = 0;
		};
		31A4910E2B87CA49005C5458 /* Frameworks */ = {
			isa = PBXFrameworksBuildPhase;
			buildActionMask = 2147483647;
			files = (
			);
			runOnlyForDeploymentPostprocessing = 0;
		};
		31A491182B87CA49005C5458 /* Frameworks */ = {
			isa = PBXFrameworksBuildPhase;
			buildActionMask = 2147483647;
			files = (
			);
			runOnlyForDeploymentPostprocessing = 0;
		};
/* End PBXFrameworksBuildPhase section */

/* Begin PBXGroup section */
		31A490F22B87CA47005C5458 = {
			isa = PBXGroup;
			children = (
				31A490FD2B87CA47005C5458 /* Wordle */,
				31A491142B87CA49005C5458 /* WordleTests */,
				31A4911E2B87CA49005C5458 /* WordleUITests */,
				31A490FC2B87CA47005C5458 /* Products */,
			);
			sourceTree = "<group>";
		};
		31A490FC2B87CA47005C5458 /* Products */ = {
			isa = PBXGroup;
			children = (
				31A490FB2B87CA47005C5458 /* Wordle.app */,
				31A491112B87CA49005C5458 /* WordleTests.xctest */,
				31A4911B2B87CA49005C5458 /* WordleUITests.xctest */,
			);
			name = Products;
			sourceTree = "<group>";
		};
		31A490FD2B87CA47005C5458 /* Wordle */ = {
			isa = PBXGroup;
			children = (
				31A4910C2B87CA49005C5458 /* Info.plist */,
				31A4912F2B87CA81005C5458 /* Other */,
				31A4912E2B87CA69005C5458 /* Core */,
			);
			path = Wordle;
			sourceTree = "<group>";
		};
		31A491142B87CA49005C5458 /* WordleTests */ = {
			isa = PBXGroup;
			children = (
				31A491152B87CA49005C5458 /* WordleTests.swift */,
			);
			path = WordleTests;
			sourceTree = "<group>";
		};
		31A4911E2B87CA49005C5458 /* WordleUITests */ = {
			isa = PBXGroup;
			children = (
				31A4911F2B87CA49005C5458 /* WordleUITests.swift */,
				31A491212B87CA49005C5458 /* WordleUITestsLaunchTests.swift */,
			);
			path = WordleUITests;
			sourceTree = "<group>";
		};
		31A4912E2B87CA69005C5458 /* Core */ = {
			isa = PBXGroup;
			children = (
				31A491022B87CA47005C5458 /* ViewController.swift */,
				31A491302B87CB24005C5458 /* KeyboardViewController.swift */,
				31A491322B87CB31005C5458 /* BoardViewController.swift */,
				31DC3EAF2B97DBE900A460A8 /* KeyCell.swift */,
			);
			path = Core;
			sourceTree = "<group>";
		};
		31A4912F2B87CA81005C5458 /* Other */ = {
			isa = PBXGroup;
			children = (
				31A490FE2B87CA47005C5458 /* AppDelegate.swift */,
				31A491002B87CA47005C5458 /* SceneDelegate.swift */,
				31A491042B87CA47005C5458 /* Main.storyboard */,
				31A491072B87CA49005C5458 /* Assets.xcassets */,
				31A491092B87CA49005C5458 /* LaunchScreen.storyboard */,
			);
			path = Other;
			sourceTree = "<group>";
		};
/* End PBXGroup section */

/* Begin PBXNativeTarget section */
		31A490FA2B87CA47005C5458 /* Wordle */ = {
			isa = PBXNativeTarget;
			buildConfigurationList = 31A491252B87CA49005C5458 /* Build configuration list for PBXNativeTarget "Wordle" */;
			buildPhases = (
				31A490F72B87CA47005C5458 /* Sources */,
				31A490F82B87CA47005C5458 /* Frameworks */,
				31A490F92B87CA47005C5458 /* Resources */,
			);
			buildRules = (
			);
			dependencies = (
			);
			name = Wordle;
			productName = Wordle;
			productReference = 31A490FB2B87CA47005C5458 /* Wordle.app */;
			productType = "com.apple.product-type.application";
		};
		31A491102B87CA49005C5458 /* WordleTests */ = {
			isa = PBXNativeTarget;
			buildConfigurationList = 31A491282B87CA49005C5458 /* Build configuration list for PBXNativeTarget "WordleTests" */;
			buildPhases = (
				31A4910D2B87CA49005C5458 /* Sources */,
				31A4910E2B87CA49005C5458 /* Frameworks */,
				31A4910F2B87CA49005C5458 /* Resources */,
			);
			buildRules = (
			);
			dependencies = (
				31A491132B87CA49005C5458 /* PBXTargetDependency */,
			);
			name = WordleTests;
			productName = WordleTests;
			productReference = 31A491112B87CA49005C5458 /* WordleTests.xctest */;
			productType = "com.apple.product-type.bundle.unit-test";
		};
		31A4911A2B87CA49005C5458 /* WordleUITests */ = {
			isa = PBXNativeTarget;
			buildConfigurationList = 31A4912B2B87CA49005C5458 /* Build configuration list for PBXNativeTarget "WordleUITests" */;
			buildPhases = (
				31A491172B87CA49005C5458 /* Sources */,
				31A491182B87CA49005C5458 /* Frameworks */,
				31A491192B87CA49005C5458 /* Resources */,
			);
			buildRules = (
			);
			dependencies = (
				31A4911D2B87CA49005C5458 /* PBXTargetDependency */,
			);
			name = WordleUITests;
			productName = WordleUITests;
			productReference = 31A4911B2B87CA49005C5458 /* WordleUITests.xctest */;
			productType = "com.apple.product-type.bundle.ui-testing";
		};
/* End PBXNativeTarget section */

/* Begin PBXProject section */
		31A490F32B87CA47005C5458 /* Project object */ = {
			isa = PBXProject;
			attributes = {
				BuildIndependentTargetsInParallel = 1;
				LastSwiftUpdateCheck = 1520;
				LastUpgradeCheck = 1520;
				TargetAttributes = {
					31A490FA2B87CA47005C5458 = {
						CreatedOnToolsVersion = 15.2;
					};
					31A491102B87CA49005C5458 = {
						CreatedOnToolsVersion = 15.2;
						TestTargetID = 31A490FA2B87CA47005C5458;
					};
					31A4911A2B87CA49005C5458 = {
						CreatedOnToolsVersion = 15.2;
						TestTargetID = 31A490FA2B87CA47005C5458;
					};
				};
			};
			buildConfigurationList = 31A490F62B87CA47005C5458 /* Build configuration list for PBXProject "Wordle" */;
			compatibilityVersion = "Xcode 14.0";
			developmentRegion = en;
			hasScannedForEncodings = 0;
			knownRegions = (
				en,
				Base,
			);
			mainGroup = 31A490F22B87CA47005C5458;
			productRefGroup = 31A490FC2B87CA47005C5458 /* Products */;
			projectDirPath = "";
			projectRoot = "";
			targets = (
				31A490FA2B87CA47005C5458 /* Wordle */,
				31A491102B87CA49005C5458 /* WordleTests */,
				31A4911A2B87CA49005C5458 /* WordleUITests */,
			);
		};
/* End PBXProject section */

/* Begin PBXResourcesBuildPhase section */
		31A490F92B87CA47005C5458 /* Resources */ = {
			isa = PBXResourcesBuildPhase;
			buildActionMask = 2147483647;
			files = (
				31A4910B2B87CA49005C5458 /* LaunchScreen.storyboard in Resources */,
				31A491082B87CA49005C5458 /* Assets.xcassets in Resources */,
				31A491062B87CA47005C5458 /* Main.storyboard in Resources */,
			);
			runOnlyForDeploymentPostprocessing = 0;
		};
		31A4910F2B87CA49005C5458 /* Resources */ = {
			isa = PBXResourcesBuildPhase;
			buildActionMask = 2147483647;
			files = (
			);
			runOnlyForDeploymentPostprocessing = 0;
		};
		31A491192B87CA49005C5458 /* Resources */ = {
			isa = PBXResourcesBuildPhase;
			buildActionMask = 2147483647;
			files = (
			);
			runOnlyForDeploymentPostprocessing = 0;
		};
/* End PBXResourcesBuildPhase section */

/* Begin PBXSourcesBuildPhase section */
		31A490F72B87CA47005C5458 /* Sources */ = {
			isa = PBXSourcesBuildPhase;
			buildActionMask = 2147483647;
			files = (
				31A491032B87CA47005C5458 /* ViewController.swift in Sources */,
				31A490FF2B87CA47005C5458 /* AppDelegate.swift in Sources */,
				31A491012B87CA47005C5458 /* SceneDelegate.swift in Sources */,
				31DC3EB02B97DBE900A460A8 /* KeyCell.swift in Sources */,
				31A491312B87CB24005C5458 /* KeyboardViewController.swift in Sources */,
				31A491332B87CB31005C5458 /* BoardViewController.swift in Sources */,
			);
			runOnlyForDeploymentPostprocessing = 0;
		};
		31A4910D2B87CA49005C5458 /* Sources */ = {
			isa = PBXSourcesBuildPhase;
			buildActionMask = 2147483647;
			files = (
				31A491162B87CA49005C5458 /* WordleTests.swift in Sources */,
			);
			runOnlyForDeploymentPostprocessing = 0;
		};
		31A491172B87CA49005C5458 /* Sources */ = {
			isa = PBXSourcesBuildPhase;
			buildActionMask = 2147483647;
			files = (
				31A491202B87CA49005C5458 /* WordleUITests.swift in Sources */,
				31A491222B87CA49005C5458 /* WordleUITestsLaunchTests.swift in Sources */,
			);
			runOnlyForDeploymentPostprocessing = 0;
		};
/* End PBXSourcesBuildPhase section */

/* Begin PBXTargetDependency section */
		31A491132B87CA49005C5458 /* PBXTargetDependency */ = {
			isa = PBXTargetDependency;
			target = 31A490FA2B87CA47005C5458 /* Wordle */;
			targetProxy = 31A491122B87CA49005C5458 /* PBXContainerItemProxy */;
		};
		31A4911D2B87CA49005C5458 /* PBXTargetDependency */ = {
			isa = PBXTargetDependency;
			target = 31A490FA2B87CA47005C5458 /* Wordle */;
			targetProxy = 31A4911C2B87CA49005C5458 /* PBXContainerItemProxy */;
		};
/* End PBXTargetDependency section */

/* Begin PBXVariantGroup section */
		31A491042B87CA47005C5458 /* Main.storyboard */ = {
			isa = PBXVariantGroup;
			children = (
				31A491052B87CA47005C5458 /* Base */,
			);
			name = Main.storyboard;
			sourceTree = "<group>";
		};
		31A491092B87CA49005C5458 /* LaunchScreen.storyboard */ = {
			isa = PBXVariantGroup;
			children = (
				31A4910A2B87CA49005C5458 /* Base */,
			);
			name = LaunchScreen.storyboard;
			sourceTree = "<group>";
		};
/* End PBXVariantGroup section */

/* Begin XCBuildConfiguration section */
		31A491232B87CA49005C5458 /* Debug */ = {
			isa = XCBuildConfiguration;
			buildSettings = {
				ALWAYS_SEARCH_USER_PATHS = NO;
				ASSETCATALOG_COMPILER_GENERATE_SWIFT_ASSET_SYMBOL_EXTENSIONS = YES;
				CLANG_ANALYZER_NONNULL = YES;
				CLANG_ANALYZER_NUMBER_OBJECT_CONVERSION = YES_AGGRESSIVE;
				CLANG_CXX_LANGUAGE_STANDARD = "gnu++20";
				CLANG_ENABLE_MODULES = YES;
				CLANG_ENABLE_OBJC_ARC = YES;
				CLANG_ENABLE_OBJC_WEAK = YES;
				CLANG_WARN_BLOCK_CAPTURE_AUTORELEASING = YES;
				CLANG_WARN_BOOL_CONVERSION = YES;
				CLANG_WARN_COMMA = YES;
				CLANG_WARN_CONSTANT_CONVERSION = YES;
				CLANG_WARN_DEPRECATED_OBJC_IMPLEMENTATIONS = YES;
				CLANG_WARN_DIRECT_OBJC_ISA_USAGE = YES_ERROR;
				CLANG_WARN_DOCUMENTATION_COMMENTS = YES;
				CLANG_WARN_EMPTY_BODY = YES;
				CLANG_WARN_ENUM_CONVERSION = YES;
				CLANG_WARN_INFINITE_RECURSION = YES;
				CLANG_WARN_INT_CONVERSION = YES;
				CLANG_WARN_NON_LITERAL_NULL_CONVERSION = YES;
				CLANG_WARN_OBJC_IMPLICIT_RETAIN_SELF = YES;
				CLANG_WARN_OBJC_LITERAL_CONVERSION = YES;
				CLANG_WARN_OBJC_ROOT_CLASS = YES_ERROR;
				CLANG_WARN_QUOTED_INCLUDE_IN_FRAMEWORK_HEADER = YES;
				CLANG_WARN_RANGE_LOOP_ANALYSIS = YES;
				CLANG_WARN_STRICT_PROTOTYPES = YES;
				CLANG_WARN_SUSPICIOUS_MOVE = YES;
				CLANG_WARN_UNGUARDED_AVAILABILITY = YES_AGGRESSIVE;
				CLANG_WARN_UNREACHABLE_CODE = YES;
				CLANG_WARN__DUPLICATE_METHOD_MATCH = YES;
				COPY_PHASE_STRIP = NO;
				DEBUG_INFORMATION_FORMAT = dwarf;
				ENABLE_STRICT_OBJC_MSGSEND = YES;
				ENABLE_TESTABILITY = YES;
				ENABLE_USER_SCRIPT_SANDBOXING = YES;
				GCC_C_LANGUAGE_STANDARD = gnu17;
				GCC_DYNAMIC_NO_PIC = NO;
				GCC_NO_COMMON_BLOCKS = YES;
				GCC_OPTIMIZATION_LEVEL = 0;
				GCC_PREPROCESSOR_DEFINITIONS = (
					"DEBUG=1",
					"$(inherited)",
				);
				GCC_WARN_64_TO_32_BIT_CONVERSION = YES;
				GCC_WARN_ABOUT_RETURN_TYPE = YES_ERROR;
				GCC_WARN_UNDECLARED_SELECTOR = YES;
				GCC_WARN_UNINITIALIZED_AUTOS = YES_AGGRESSIVE;
				GCC_WARN_UNUSED_FUNCTION = YES;
				GCC_WARN_UNUSED_VARIABLE = YES;
				IPHONEOS_DEPLOYMENT_TARGET = 17.2;
				LOCALIZATION_PREFERS_STRING_CATALOGS = YES;
				MTL_ENABLE_DEBUG_INFO = INCLUDE_SOURCE;
				MTL_FAST_MATH = YES;
				ONLY_ACTIVE_ARCH = YES;
				SDKROOT = iphoneos;
				SWIFT_ACTIVE_COMPILATION_CONDITIONS = "DEBUG $(inherited)";
				SWIFT_OPTIMIZATION_LEVEL = "-Onone";
			};
			name = Debug;
		};
		31A491242B87CA49005C5458 /* Release */ = {
			isa = XCBuildConfiguration;
			buildSettings = {
				ALWAYS_SEARCH_USER_PATHS = NO;
				ASSETCATALOG_COMPILER_GENERATE_SWIFT_ASSET_SYMBOL_EXTENSIONS = YES;
				CLANG_ANALYZER_NONNULL = YES;
				CLANG_ANALYZER_NUMBER_OBJECT_CONVERSION = YES_AGGRESSIVE;
				CLANG_CXX_LANGUAGE_STANDARD = "gnu++20";
				CLANG_ENABLE_MODULES = YES;
				CLANG_ENABLE_OBJC_ARC = YES;
				CLANG_ENABLE_OBJC_WEAK = YES;
				CLANG_WARN_BLOCK_CAPTURE_AUTORELEASING = YES;
				CLANG_WARN_BOOL_CONVERSION = YES;
				CLANG_WARN_COMMA = YES;
				CLANG_WARN_CONSTANT_CONVERSION = YES;
				CLANG_WARN_DEPRECATED_OBJC_IMPLEMENTATIONS = YES;
				CLANG_WARN_DIRECT_OBJC_ISA_USAGE = YES_ERROR;
				CLANG_WARN_DOCUMENTATION_COMMENTS = YES;
				CLANG_WARN_EMPTY_BODY = YES;
				CLANG_WARN_ENUM_CONVERSION = YES;
				CLANG_WARN_INFINITE_RECURSION = YES;
				CLANG_WARN_INT_CONVERSION = YES;
				CLANG_WARN_NON_LITERAL_NULL_CONVERSION = YES;
				CLANG_WARN_OBJC_IMPLICIT_RETAIN_SELF = YES;
				CLANG_WARN_OBJC_LITERAL_CONVERSION = YES;
				CLANG_WARN_OBJC_ROOT_CLASS = YES_ERROR;
				CLANG_WARN_QUOTED_INCLUDE_IN_FRAMEWORK_HEADER = YES;
				CLANG_WARN_RANGE_LOOP_ANALYSIS = YES;
				CLANG_WARN_STRICT_PROTOTYPES = YES;
				CLANG_WARN_SUSPICIOUS_MOVE = YES;
				CLANG_WARN_UNGUARDED_AVAILABILITY = YES_AGGRESSIVE;
				CLANG_WARN_UNREACHABLE_CODE = YES;
				CLANG_WARN__DUPLICATE_METHOD_MATCH = YES;
				COPY_PHASE_STRIP = NO;
				DEBUG_INFORMATION_FORMAT = "dwarf-with-dsym";
				ENABLE_NS_ASSERTIONS = NO;
				ENABLE_STRICT_OBJC_MSGSEND = YES;
				ENABLE_USER_SCRIPT_SANDBOXING = YES;
				GCC_C_LANGUAGE_STANDARD = gnu17;
				GCC_NO_COMMON_BLOCKS = YES;
				GCC_WARN_64_TO_32_BIT_CONVERSION = YES;
				GCC_WARN_ABOUT_RETURN_TYPE = YES_ERROR;
				GCC_WARN_UNDECLARED_SELECTOR = YES;
				GCC_WARN_UNINITIALIZED_AUTOS = YES_AGGRESSIVE;
				GCC_WARN_UNUSED_FUNCTION = YES;
				GCC_WARN_UNUSED_VARIABLE = YES;
				IPHONEOS_DEPLOYMENT_TARGET = 17.2;
				LOCALIZATION_PREFERS_STRING_CATALOGS = YES;
				MTL_ENABLE_DEBUG_INFO = NO;
				MTL_FAST_MATH = YES;
				SDKROOT = iphoneos;
				SWIFT_COMPILATION_MODE = wholemodule;
				VALIDATE_PRODUCT = YES;
			};
			name = Release;
		};
		31A491262B87CA49005C5458 /* Debug */ = {
			isa = XCBuildConfiguration;
			buildSettings = {
				ASSETCATALOG_COMPILER_APPICON_NAME = AppIcon;
				ASSETCATALOG_COMPILER_GLOBAL_ACCENT_COLOR_NAME = AccentColor;
				CODE_SIGN_STYLE = Automatic;
				CURRENT_PROJECT_VERSION = 1;
				DEVELOPMENT_TEAM = RA9JAV8B9M;
				GENERATE_INFOPLIST_FILE = YES;
				INFOPLIST_FILE = Wordle/Info.plist;
				INFOPLIST_KEY_UIApplicationSupportsIndirectInputEvents = YES;
				INFOPLIST_KEY_UILaunchStoryboardName = LaunchScreen;
				INFOPLIST_KEY_UIMainStoryboardFile = Main;
				INFOPLIST_KEY_UISupportedInterfaceOrientations_iPad = "UIInterfaceOrientationPortrait UIInterfaceOrientationPortraitUpsideDown UIInterfaceOrientationLandscapeLeft UIInterfaceOrientationLandscapeRight";
				INFOPLIST_KEY_UISupportedInterfaceOrientations_iPhone = "UIInterfaceOrientationPortrait UIInterfaceOrientationLandscapeLeft UIInterfaceOrientationLandscapeRight";
				LD_RUNPATH_SEARCH_PATHS = (
					"$(inherited)",
					"@executable_path/Frameworks",
				);
				MARKETING_VERSION = 1.0;
				PRODUCT_BUNDLE_IDENTIFIER = com.nimisha.bhagat29.Wordle;
				PRODUCT_NAME = "$(TARGET_NAME)";
				SWIFT_EMIT_LOC_STRINGS = YES;
				SWIFT_VERSION = 5.0;
				TARGETED_DEVICE_FAMILY = "1,2";
			};
			name = Debug;
		};
		31A491272B87CA49005C5458 /* Release */ = {
			isa = XCBuildConfiguration;
			buildSettings = {
				ASSETCATALOG_COMPILER_APPICON_NAME = AppIcon;
				ASSETCATALOG_COMPILER_GLOBAL_ACCENT_COLOR_NAME = AccentColor;
				CODE_SIGN_STYLE = Automatic;
				CURRENT_PROJECT_VERSION = 1;
				DEVELOPMENT_TEAM = RA9JAV8B9M;
				GENERATE_INFOPLIST_FILE = YES;
				INFOPLIST_FILE = Wordle/Info.plist;
				INFOPLIST_KEY_UIApplicationSupportsIndirectInputEvents = YES;
				INFOPLIST_KEY_UILaunchStoryboardName = LaunchScreen;
				INFOPLIST_KEY_UIMainStoryboardFile = Main;
				INFOPLIST_KEY_UISupportedInterfaceOrientations_iPad = "UIInterfaceOrientationPortrait UIInterfaceOrientationPortraitUpsideDown UIInterfaceOrientationLandscapeLeft UIInterfaceOrientationLandscapeRight";
				INFOPLIST_KEY_UISupportedInterfaceOrientations_iPhone = "UIInterfaceOrientationPortrait UIInterfaceOrientationLandscapeLeft UIInterfaceOrientationLandscapeRight";
				LD_RUNPATH_SEARCH_PATHS = (
					"$(inherited)",
					"@executable_path/Frameworks",
				);
				MARKETING_VERSION = 1.0;
				PRODUCT_BUNDLE_IDENTIFIER = com.nimisha.bhagat29.Wordle;
				PRODUCT_NAME = "$(TARGET_NAME)";
				SWIFT_EMIT_LOC_STRINGS = YES;
				SWIFT_VERSION = 5.0;
				TARGETED_DEVICE_FAMILY = "1,2";
			};
			name = Release;
		};
		31A491292B87CA49005C5458 /* Debug */ = {
			isa = XCBuildConfiguration;
			buildSettings = {
				ALWAYS_EMBED_SWIFT_STANDARD_LIBRARIES = YES;
				BUNDLE_LOADER = "$(TEST_HOST)";
				CODE_SIGN_STYLE = Automatic;
				CURRENT_PROJECT_VERSION = 1;
				DEVELOPMENT_TEAM = RA9JAV8B9M;
				GENERATE_INFOPLIST_FILE = YES;
				IPHONEOS_DEPLOYMENT_TARGET = 17.2;
				MARKETING_VERSION = 1.0;
				PRODUCT_BUNDLE_IDENTIFIER = com.nimisha.bhagat29.WordleTests;
				PRODUCT_NAME = "$(TARGET_NAME)";
				SWIFT_EMIT_LOC_STRINGS = NO;
				SWIFT_VERSION = 5.0;
				TARGETED_DEVICE_FAMILY = "1,2";
				TEST_HOST = "$(BUILT_PRODUCTS_DIR)/Wordle.app/$(BUNDLE_EXECUTABLE_FOLDER_PATH)/Wordle";
			};
			name = Debug;
		};
		31A4912A2B87CA49005C5458 /* Release */ = {
			isa = XCBuildConfiguration;
			buildSettings = {
				ALWAYS_EMBED_SWIFT_STANDARD_LIBRARIES = YES;
				BUNDLE_LOADER = "$(TEST_HOST)";
				CODE_SIGN_STYLE = Automatic;
				CURRENT_PROJECT_VERSION = 1;
				DEVELOPMENT_TEAM = RA9JAV8B9M;
				GENERATE_INFOPLIST_FILE = YES;
				IPHONEOS_DEPLOYMENT_TARGET = 17.2;
				MARKETING_VERSION = 1.0;
				PRODUCT_BUNDLE_IDENTIFIER = com.nimisha.bhagat29.WordleTests;
				PRODUCT_NAME = "$(TARGET_NAME)";
				SWIFT_EMIT_LOC_STRINGS = NO;
				SWIFT_VERSION = 5.0;
				TARGETED_DEVICE_FAMILY = "1,2";
				TEST_HOST = "$(BUILT_PRODUCTS_DIR)/Wordle.app/$(BUNDLE_EXECUTABLE_FOLDER_PATH)/Wordle";
			};
			name = Release;
		};
		31A4912C2B87CA49005C5458 /* Debug */ = {
			isa = XCBuildConfiguration;
			buildSettings = {
				ALWAYS_EMBED_SWIFT_STANDARD_LIBRARIES = YES;
				CODE_SIGN_STYLE = Automatic;
				CURRENT_PROJECT_VERSION = 1;
				DEVELOPMENT_TEAM = RA9JAV8B9M;
				GENERATE_INFOPLIST_FILE = YES;
				MARKETING_VERSION = 1.0;
				PRODUCT_BUNDLE_IDENTIFIER = com.nimisha.bhagat29.WordleUITests;
				PRODUCT_NAME = "$(TARGET_NAME)";
				SWIFT_EMIT_LOC_STRINGS = NO;
				SWIFT_VERSION = 5.0;
				TARGETED_DEVICE_FAMILY = "1,2";
				TEST_TARGET_NAME = Wordle;
			};
			name = Debug;
		};
		31A4912D2B87CA49005C5458 /* Release */ = {
			isa = XCBuildConfiguration;
			buildSettings = {
				ALWAYS_EMBED_SWIFT_STANDARD_LIBRARIES = YES;
				CODE_SIGN_STYLE = Automatic;
				CURRENT_PROJECT_VERSION = 1;
				DEVELOPMENT_TEAM = RA9JAV8B9M;
				GENERATE_INFOPLIST_FILE = YES;
				MARKETING_VERSION = 1.0;
				PRODUCT_BUNDLE_IDENTIFIER = com.nimisha.bhagat29.WordleUITests;
				PRODUCT_NAME = "$(TARGET_NAME)";
				SWIFT_EMIT_LOC_STRINGS = NO;
				SWIFT_VERSION = 5.0;
				TARGETED_DEVICE_FAMILY = "1,2";
				TEST_TARGET_NAME = Wordle;
			};
			name = Release;
		};
/* End XCBuildConfiguration section */

/* Begin XCConfigurationList section */
		31A490F62B87CA47005C5458 /* Build configuration list for PBXProject "Wordle" */ = {
			isa = XCConfigurationList;
			buildConfigurations = (
				31A491232B87CA49005C5458 /* Debug */,
				31A491242B87CA49005C5458 /* Release */,
			);
			defaultConfigurationIsVisible = 0;
			defaultConfigurationName = Release;
		};
		31A491252B87CA49005C5458 /* Build configuration list for PBXNativeTarget "Wordle" */ = {
			isa = XCConfigurationList;
			buildConfigurations = (
				31A491262B87CA49005C5458 /* Debug */,
				31A491272B87CA49005C5458 /* Release */,
			);
			defaultConfigurationIsVisible = 0;
			defaultConfigurationName = Release;
		};
		31A491282B87CA49005C5458 /* Build configuration list for PBXNativeTarget "WordleTests" */ = {
			isa = XCConfigurationList;
			buildConfigurations = (
				31A491292B87CA49005C5458 /* Debug */,
				31A4912A2B87CA49005C5458 /* Release */,
			);
			defaultConfigurationIsVisible = 0;
			defaultConfigurationName = Release;
		};
		31A4912B2B87CA49005C5458 /* Build configuration list for PBXNativeTarget "WordleUITests" */ = {
			isa = XCConfigurationList;
			buildConfigurations = (
				31A4912C2B87CA49005C5458 /* Debug */,
				31A4912D2B87CA49005C5458 /* Release */,
			);
			defaultConfigurationIsVisible = 0;
			defaultConfigurationName = Release;
		};
/* End XCConfigurationList section */
	};
	rootObject = 31A490F32B87CA47005C5458 /* Project object */;
}
